<?xml version="1.0" encoding="utf-8"?>
<Project ToolsVersion="4.0" xmlns="http://schemas.microsoft.com/developer/msbuild/2003">
  <ItemGroup>
    <Filter Include="Source Files">
      <UniqueIdentifier>{4FC737F1-C7A5-4376-A066-2A32D752A2FF}</UniqueIdentifier>
      <Extensions>cpp;c;cc;cxx;def;odl;idl;hpj;bat;asm;asmx</Extensions>
    </Filter>
    <Filter Include="Header Files">
      <UniqueIdentifier>{93995380-89BD-4b04-88EB-625FBE52EBFB}</UniqueIdentifier>
      <Extensions>h;hh;hpp;hxx;hm;inl;inc;ipp;xsd</Extensions>
    </Filter>
    <Filter Include="Resource Files">
      <UniqueIdentifier>{67DA6AB6-F800-4c08-8B7A-83BB121AAD01}</UniqueIdentifier>
      <Extensions>rc;ico;cur;bmp;dlg;rc2;rct;bin;rgs;gif;jpg;jpeg;jpe;resx;tiff;tif;png;wav;mfcribbon-ms</Extensions>
    </Filter>
    <Filter Include="Source Files\at2">
      <UniqueIdentifier>{e0013542-f41b-41d1-bca1-b711416218d7}</UniqueIdentifier>
    </Filter>
  </ItemGroup>
  <ItemGroup>
    <ClCompile Include="bt4.c">
      <Filter>Source Files</Filter>
    </ClCompile>
    <ClCompile Include="bt5.c">
      <Filter>Source Files</Filter>
    </ClCompile>
    <ClCompile Include="bt6.c">
      <Filter>Source Files</Filter>
    </ClCompile>
    <ClCompile Include="bt2.c">
      <Filter>Source Files</Filter>
    </ClCompile>
    <ClCompile Include="bt1.c">
      <Filter>Source Files</Filter>
    </ClCompile>
    <ClCompile Include="bt3.c">
      <Filter>Source Files</Filter>
    </ClCompile>
    <ClCompile Include="bt7.c">
      <Filter>Source Files</Filter>
    </ClCompile>
    <ClCompile Include="bt8.c">
      <Filter>Source Files</Filter>
    </ClCompile>
    <ClCompile Include="Animation.c">
      <Filter>Source Files</Filter>
    </ClCompile>
    <ClCompile Include="bt9.c">
      <Filter>Source Files</Filter>
    </ClCompile>
    <ClCompile Include="bt10.c">
      <Filter>Source Files</Filter>
    </ClCompile>
    <ClCompile Include="bt11.c">
      <Filter>Source Files</Filter>
    </ClCompile>
    <ClCompile Include="bt14.c">
      <Filter>Source Files</Filter>
    </ClCompile>
    <ClCompile Include="bt15.c">
      <Filter>Source Files</Filter>
    </ClCompile>
    <ClCompile Include="at1.c">
      <Filter>Source Files</Filter>
    </ClCompile>
    <ClCompile Include="at3.c">
      <Filter>Source Files</Filter>
    </ClCompile>
    <ClCompile Include="at2\circularQueue.c">
      <Filter>Source Files\at2</Filter>
    </ClCompile>
    <ClCompile Include="at2\linkedQueue.c">
      <Filter>Source Files\at2</Filter>
    </ClCompile>
    <ClCompile Include="Sandbox.c">
      <Filter>Source Files\at2</Filter>
    </ClCompile>
    <ClCompile Include="at2\sequentialQueue.c">
      <Filter>Source Files\at2</Filter>
    </ClCompile>
  </ItemGroup>
</Project>